
Microsoft Visual Studio Solution File, Format Version 12.00
# Visual Studio Version 16
VisualStudioVersion = 16.0.31624.102
MinimumVisualStudioVersion = 10.0.40219.1
Project("{FAE04EC0-301F-11D3-BF4B-00C04F79EFBC}") = "АСД", "АСД.csproj", "{DEFFDC8D-8B72-4C50-B7D5-8F3229014C97}"
EndProject
Project("{FAE04EC0-301F-11D3-BF4B-00C04F79EFBC}") = "АСД2", "..\АСД2\АСД2.csproj", "{3FA2F889-94CC-4092-A63A-D3906AF376DA}"
EndProject
Global
	GlobalSection(SolutionConfigurationPlatforms) = preSolution
		Debug|Any CPU = Debug|Any CPU
		Release|Any CPU = Release|Any CPU
	EndGlobalSection
	GlobalSection(ProjectConfigurationPlatforms) = postSolution
		{DEFFDC8D-8B72-4C50-B7D5-8F3229014C97}.Debug|Any CPU.ActiveCfg = Debug|Any CPU
		{DEFFDC8D-8B72-4C50-B7D5-8F3229014C97}.Debug|Any CPU.Build.0 = Debug|Any CPU
		{DEFFDC8D-8B72-4C50-B7D5-8F3229014C97}.Release|Any CPU.ActiveCfg = Release|Any CPU
		{DEFFDC8D-8B72-4C50-B7D5-8F3229014C97}.Release|Any CPU.Build.0 = Release|Any CPU
		{3FA2F889-94CC-4092-A63A-D3906AF376DA}.Debug|Any CPU.ActiveCfg = Debug|Any CPU
		{3FA2F889-94CC-4092-A63A-D3906AF376DA}.Debug|Any CPU.Build.0 = Debug|Any CPU
		{3FA2F889-94CC-4092-A63A-D3906AF376DA}.Release|Any CPU.ActiveCfg = Release|Any CPU
		{3FA2F889-94CC-4092-A63A-D3906AF376DA}.Release|Any CPU.Build.0 = Release|Any CPU
	EndGlobalSection
	GlobalSection(SolutionProperties) = preSolution
		HideSolutionNode = FALSE
	EndGlobalSection
	GlobalSection(ExtensibilityGlobals) = postSolution
		SolutionGuid = {E55864B3-BE71-4176-8881-EC5BEAC75BA1}
	EndGlobalSection
EndGlobal
